
Microsoft Visual Studio Solution File, Format Version 12.00
# Visual Studio 15
VisualStudioVersion = 15.0.27130.2003
MinimumVisualStudioVersion = 10.0.40219.1
Project("{9A19103F-16F7-4668-BE54-9A1E7A4F7556}") = "Sirius", "Sirius\Sirius.csproj", "{8227102E-564D-4C13-AAE2-D6FD2934154B}"
EndProject
Project("{9A19103F-16F7-4668-BE54-9A1E7A4F7556}") = "Sirius.Data.Access", "Sirius.Data.Access\Sirius.Data.Access.csproj", "{2111AE07-D042-4B15-A435-DEB764BC8624}"
EndProject
Project("{2150E333-8FDC-42A3-9474-1A3956D46DE8}") = "ConsoleApps", "ConsoleApps", "{66B16FF0-5EF0-49D9-9890-40A5F849C82D}"
EndProject
Project("{FAE04EC0-301F-11D3-BF4B-00C04F79EFBC}") = "Sirius.Sandbox", "Sirius.Sandbox\Sirius.Sandbox.csproj", "{00C8BC5D-8C2C-40C8-8B2F-A08A49A7142B}"
EndProject
Global
	GlobalSection(SolutionConfigurationPlatforms) = preSolution
		Debug|Any CPU = Debug|Any CPU
		Release|Any CPU = Release|Any CPU
	EndGlobalSection
	GlobalSection(ProjectConfigurationPlatforms) = postSolution
		{8227102E-564D-4C13-AAE2-D6FD2934154B}.Debug|Any CPU.ActiveCfg = Debug|Any CPU
		{8227102E-564D-4C13-AAE2-D6FD2934154B}.Debug|Any CPU.Build.0 = Debug|Any CPU
		{8227102E-564D-4C13-AAE2-D6FD2934154B}.Release|Any CPU.ActiveCfg = Release|Any CPU
		{8227102E-564D-4C13-AAE2-D6FD2934154B}.Release|Any CPU.Build.0 = Release|Any CPU
		{2111AE07-D042-4B15-A435-DEB764BC8624}.Debug|Any CPU.ActiveCfg = Debug|Any CPU
		{2111AE07-D042-4B15-A435-DEB764BC8624}.Debug|Any CPU.Build.0 = Debug|Any CPU
		{2111AE07-D042-4B15-A435-DEB764BC8624}.Release|Any CPU.ActiveCfg = Release|Any CPU
		{2111AE07-D042-4B15-A435-DEB764BC8624}.Release|Any CPU.Build.0 = Release|Any CPU
		{00C8BC5D-8C2C-40C8-8B2F-A08A49A7142B}.Debug|Any CPU.ActiveCfg = Debug|Any CPU
		{00C8BC5D-8C2C-40C8-8B2F-A08A49A7142B}.Debug|Any CPU.Build.0 = Debug|Any CPU
		{00C8BC5D-8C2C-40C8-8B2F-A08A49A7142B}.Release|Any CPU.ActiveCfg = Release|Any CPU
		{00C8BC5D-8C2C-40C8-8B2F-A08A49A7142B}.Release|Any CPU.Build.0 = Release|Any CPU
	EndGlobalSection
	GlobalSection(SolutionProperties) = preSolution
		HideSolutionNode = FALSE
	EndGlobalSection
	GlobalSection(NestedProjects) = preSolution
		{00C8BC5D-8C2C-40C8-8B2F-A08A49A7142B} = {66B16FF0-5EF0-49D9-9890-40A5F849C82D}
	EndGlobalSection
	GlobalSection(ExtensibilityGlobals) = postSolution
		SolutionGuid = {10BCE085-E7F8-476E-A8E1-2C58BA9BE81B}
	EndGlobalSection
EndGlobal
